// !$*UTF8*$!
{
	archiveVersion = 1;
	classes = {
	};
	objectVersion = 51;
	objects = {

/* Begin PBXBuildFile section */
		8D91A16020CE6B9BEE31303F /* Pods_AdventureMap.framework in Frameworks */ = {isa = PBXBuildFile; fileRef = 4F351C3D3BAB2124AA2ED69D /* Pods_AdventureMap.framework */; };
		DC6BAD8B25563F5800B4DC32 /* AppDelegate.swift in Sources */ = {isa = PBXBuildFile; fileRef = DC6BAD8A25563F5800B4DC32 /* AppDelegate.swift */; };
		DC6BAD8D25563F5800B4DC32 /* SceneDelegate.swift in Sources */ = {isa = PBXBuildFile; fileRef = DC6BAD8C25563F5800B4DC32 /* SceneDelegate.swift */; };
		DC6BAD8F25563F5800B4DC32 /* ContentView.swift in Sources */ = {isa = PBXBuildFile; fileRef = DC6BAD8E25563F5800B4DC32 /* ContentView.swift */; };
		DC6BAD9225563F5800B4DC32 /* AdventureMap.xcdatamodeld in Sources */ = {isa = PBXBuildFile; fileRef = DC6BAD9025563F5800B4DC32 /* AdventureMap.xcdatamodeld */; };
		DC6BAD9425563F5A00B4DC32 /* Assets.xcassets in Resources */ = {isa = PBXBuildFile; fileRef = DC6BAD9325563F5A00B4DC32 /* Assets.xcassets */; };
		DC6BAD9725563F5A00B4DC32 /* Preview Assets.xcassets in Resources */ = {isa = PBXBuildFile; fileRef = DC6BAD9625563F5A00B4DC32 /* Preview Assets.xcassets */; };
		DC6BAD9A25563F5A00B4DC32 /* LaunchScreen.storyboard in Resources */ = {isa = PBXBuildFile; fileRef = DC6BAD9825563F5A00B4DC32 /* LaunchScreen.storyboard */; };
		DC6BADA525563F5A00B4DC32 /* AdventureMapTests.swift in Sources */ = {isa = PBXBuildFile; fileRef = DC6BADA425563F5A00B4DC32 /* AdventureMapTests.swift */; };
		DC6BADB025563F5A00B4DC32 /* AdventureMapUITests.swift in Sources */ = {isa = PBXBuildFile; fileRef = DC6BADAF25563F5A00B4DC32 /* AdventureMapUITests.swift */; };
		DCC90E0B255656F9008CFFF9 /* GoogleMapsView.swift in Sources */ = {isa = PBXBuildFile; fileRef = DCC90E0A255656F9008CFFF9 /* GoogleMapsView.swift */; };
/* End PBXBuildFile section */

/* Begin PBXContainerItemProxy section */
		DC6BADA125563F5A00B4DC32 /* PBXContainerItemProxy */ = {
			isa = PBXContainerItemProxy;
			containerPortal = DC6BAD7F25563F5800B4DC32 /* Project object */;
			proxyType = 1;
			remoteGlobalIDString = DC6BAD8625563F5800B4DC32;
			remoteInfo = AdventureMap;
		};
		DC6BADAC25563F5A00B4DC32 /* PBXContainerItemProxy */ = {
			isa = PBXContainerItemProxy;
			containerPortal = DC6BAD7F25563F5800B4DC32 /* Project object */;
			proxyType = 1;
			remoteGlobalIDString = DC6BAD8625563F5800B4DC32;
			remoteInfo = AdventureMap;
		};
/* End PBXContainerItemProxy section */

/* Begin PBXFileReference section */
		1863FAEBEAB4C73599F04A29 /* Pods-AdventureMap.debug.xcconfig */ = {isa = PBXFileReference; includeInIndex = 1; lastKnownFileType = text.xcconfig; name = "Pods-AdventureMap.debug.xcconfig"; path = "Target Support Files/Pods-AdventureMap/Pods-AdventureMap.debug.xcconfig"; sourceTree = "<group>"; };
		4F351C3D3BAB2124AA2ED69D /* Pods_AdventureMap.framework */ = {isa = PBXFileReference; explicitFileType = wrapper.framework; includeInIndex = 0; path = Pods_AdventureMap.framework; sourceTree = BUILT_PRODUCTS_DIR; };
		867FA6804EF95E63FD224680 /* Pods-AdventureMap.release.xcconfig */ = {isa = PBXFileReference; includeInIndex = 1; lastKnownFileType = text.xcconfig; name = "Pods-AdventureMap.release.xcconfig"; path = "Target Support Files/Pods-AdventureMap/Pods-AdventureMap.release.xcconfig"; sourceTree = "<group>"; };
		DC6BAD8725563F5800B4DC32 /* AdventureMap.app */ = {isa = PBXFileReference; explicitFileType = wrapper.application; includeInIndex = 0; path = AdventureMap.app; sourceTree = BUILT_PRODUCTS_DIR; };
		DC6BAD8A25563F5800B4DC32 /* AppDelegate.swift */ = {isa = PBXFileReference; lastKnownFileType = sourcecode.swift; path = AppDelegate.swift; sourceTree = "<group>"; };
		DC6BAD8C25563F5800B4DC32 /* SceneDelegate.swift */ = {isa = PBXFileReference; lastKnownFileType = sourcecode.swift; path = SceneDelegate.swift; sourceTree = "<group>"; };
		DC6BAD8E25563F5800B4DC32 /* ContentView.swift */ = {isa = PBXFileReference; lastKnownFileType = sourcecode.swift; path = ContentView.swift; sourceTree = "<group>"; };
		DC6BAD9125563F5800B4DC32 /* AdventureMap.xcdatamodel */ = {isa = PBXFileReference; lastKnownFileType = wrapper.xcdatamodel; path = AdventureMap.xcdatamodel; sourceTree = "<group>"; };
		DC6BAD9325563F5A00B4DC32 /* Assets.xcassets */ = {isa = PBXFileReference; lastKnownFileType = folder.assetcatalog; path = Assets.xcassets; sourceTree = "<group>"; };
		DC6BAD9625563F5A00B4DC32 /* Preview Assets.xcassets */ = {isa = PBXFileReference; lastKnownFileType = folder.assetcatalog; path = "Preview Assets.xcassets"; sourceTree = "<group>"; };
		DC6BAD9925563F5A00B4DC32 /* Base */ = {isa = PBXFileReference; lastKnownFileType = file.storyboard; name = Base; path = Base.lproj/LaunchScreen.storyboard; sourceTree = "<group>"; };
		DC6BAD9B25563F5A00B4DC32 /* Info.plist */ = {isa = PBXFileReference; lastKnownFileType = text.plist.xml; path = Info.plist; sourceTree = "<group>"; };
		DC6BADA025563F5A00B4DC32 /* AdventureMapTests.xctest */ = {isa = PBXFileReference; explicitFileType = wrapper.cfbundle; includeInIndex = 0; path = AdventureMapTests.xctest; sourceTree = BUILT_PRODUCTS_DIR; };
		DC6BADA425563F5A00B4DC32 /* AdventureMapTests.swift */ = {isa = PBXFileReference; lastKnownFileType = sourcecode.swift; path = AdventureMapTests.swift; sourceTree = "<group>"; };
		DC6BADA625563F5A00B4DC32 /* Info.plist */ = {isa = PBXFileReference; lastKnownFileType = text.plist.xml; path = Info.plist; sourceTree = "<group>"; };
		DC6BADAB25563F5A00B4DC32 /* AdventureMapUITests.xctest */ = {isa = PBXFileReference; explicitFileType = wrapper.cfbundle; includeInIndex = 0; path = AdventureMapUITests.xctest; sourceTree = BUILT_PRODUCTS_DIR; };
		DC6BADAF25563F5A00B4DC32 /* AdventureMapUITests.swift */ = {isa = PBXFileReference; lastKnownFileType = sourcecode.swift; path = AdventureMapUITests.swift; sourceTree = "<group>"; };
		DC6BADB125563F5A00B4DC32 /* Info.plist */ = {isa = PBXFileReference; lastKnownFileType = text.plist.xml; path = Info.plist; sourceTree = "<group>"; };
		DCC90E0A255656F9008CFFF9 /* GoogleMapsView.swift */ = {isa = PBXFileReference; lastKnownFileType = sourcecode.swift; path = GoogleMapsView.swift; sourceTree = "<group>"; };
/* End PBXFileReference section */

/* Begin PBXFrameworksBuildPhase section */
		DC6BAD8425563F5800B4DC32 /* Frameworks */ = {
			isa = PBXFrameworksBuildPhase;
			buildActionMask = 2147483647;
			files = (
				8D91A16020CE6B9BEE31303F /* Pods_AdventureMap.framework in Frameworks */,
			);
			runOnlyForDeploymentPostprocessing = 0;
		};
		DC6BAD9D25563F5A00B4DC32 /* Frameworks */ = {
			isa = PBXFrameworksBuildPhase;
			buildActionMask = 2147483647;
			files = (
			);
			runOnlyForDeploymentPostprocessing = 0;
		};
		DC6BADA825563F5A00B4DC32 /* Frameworks */ = {
			isa = PBXFrameworksBuildPhase;
			buildActionMask = 2147483647;
			files = (
			);
			runOnlyForDeploymentPostprocessing = 0;
		};
/* End PBXFrameworksBuildPhase section */

/* Begin PBXGroup section */
		2D2279FB8A3ACED4A52126A3 /* Pods */ = {
			isa = PBXGroup;
			children = (
				1863FAEBEAB4C73599F04A29 /* Pods-AdventureMap.debug.xcconfig */,
				867FA6804EF95E63FD224680 /* Pods-AdventureMap.release.xcconfig */,
			);
			path = Pods;
			sourceTree = "<group>";
		};
		DC6BAD7E25563F5800B4DC32 = {
			isa = PBXGroup;
			children = (
				DC6BAD8925563F5800B4DC32 /* AdventureMap */,
				DC6BADA325563F5A00B4DC32 /* AdventureMapTests */,
				DC6BADAE25563F5A00B4DC32 /* AdventureMapUITests */,
				DC6BAD8825563F5800B4DC32 /* Products */,
				DCC90DA1255640AC008CFFF9 /* Frameworks */,
				2D2279FB8A3ACED4A52126A3 /* Pods */,
			);
			sourceTree = "<group>";
		};
		DC6BAD8825563F5800B4DC32 /* Products */ = {
			isa = PBXGroup;
			children = (
				DC6BAD8725563F5800B4DC32 /* AdventureMap.app */,
				DC6BADA025563F5A00B4DC32 /* AdventureMapTests.xctest */,
				DC6BADAB25563F5A00B4DC32 /* AdventureMapUITests.xctest */,
			);
			name = Products;
			sourceTree = "<group>";
		};
		DC6BAD8925563F5800B4DC32 /* AdventureMap */ = {
			isa = PBXGroup;
			children = (
				DCC90E0A255656F9008CFFF9 /* GoogleMapsView.swift */,
				DC6BAD8A25563F5800B4DC32 /* AppDelegate.swift */,
				DC6BAD8C25563F5800B4DC32 /* SceneDelegate.swift */,
				DC6BAD8E25563F5800B4DC32 /* ContentView.swift */,
				DC6BAD9325563F5A00B4DC32 /* Assets.xcassets */,
				DC6BAD9825563F5A00B4DC32 /* LaunchScreen.storyboard */,
				DC6BAD9B25563F5A00B4DC32 /* Info.plist */,
				DC6BAD9025563F5800B4DC32 /* AdventureMap.xcdatamodeld */,
				DC6BAD9525563F5A00B4DC32 /* Preview Content */,
			);
			path = AdventureMap;
			sourceTree = "<group>";
		};
		DC6BAD9525563F5A00B4DC32 /* Preview Content */ = {
			isa = PBXGroup;
			children = (
				DC6BAD9625563F5A00B4DC32 /* Preview Assets.xcassets */,
			);
			path = "Preview Content";
			sourceTree = "<group>";
		};
		DC6BADA325563F5A00B4DC32 /* AdventureMapTests */ = {
			isa = PBXGroup;
			children = (
				DC6BADA425563F5A00B4DC32 /* AdventureMapTests.swift */,
				DC6BADA625563F5A00B4DC32 /* Info.plist */,
			);
			path = AdventureMapTests;
			sourceTree = "<group>";
		};
		DC6BADAE25563F5A00B4DC32 /* AdventureMapUITests */ = {
			isa = PBXGroup;
			children = (
				DC6BADAF25563F5A00B4DC32 /* AdventureMapUITests.swift */,
				DC6BADB125563F5A00B4DC32 /* Info.plist */,
			);
			path = AdventureMapUITests;
			sourceTree = "<group>";
		};
		DCC90DA1255640AC008CFFF9 /* Frameworks */ = {
			isa = PBXGroup;
			children = (
				4F351C3D3BAB2124AA2ED69D /* Pods_AdventureMap.framework */,
			);
			name = Frameworks;
			sourceTree = "<group>";
		};
/* End PBXGroup section */

/* Begin PBXNativeTarget section */
		DC6BAD8625563F5800B4DC32 /* AdventureMap */ = {
			isa = PBXNativeTarget;
			buildConfigurationList = DC6BADB425563F5A00B4DC32 /* Build configuration list for PBXNativeTarget "AdventureMap" */;
			buildPhases = (
				940B2C42E04478DA8CB529CB /* [CP] Check Pods Manifest.lock */,
				DC6BAD8325563F5800B4DC32 /* Sources */,
				DC6BAD8425563F5800B4DC32 /* Frameworks */,
				DC6BAD8525563F5800B4DC32 /* Resources */,
				91D760C7CA39CA421D6E6D1D /* [CP] Copy Pods Resources */,
			);
			buildRules = (
			);
			dependencies = (
			);
			name = AdventureMap;
			productName = AdventureMap;
			productReference = DC6BAD8725563F5800B4DC32 /* AdventureMap.app */;
			productType = "com.apple.product-type.application";
		};
		DC6BAD9F25563F5A00B4DC32 /* AdventureMapTests */ = {
			isa = PBXNativeTarget;
			buildConfigurationList = DC6BADB725563F5A00B4DC32 /* Build configuration list for PBXNativeTarget "AdventureMapTests" */;
			buildPhases = (
				DC6BAD9C25563F5A00B4DC32 /* Sources */,
				DC6BAD9D25563F5A00B4DC32 /* Frameworks */,
				DC6BAD9E25563F5A00B4DC32 /* Resources */,
			);
			buildRules = (
			);
			dependencies = (
				DC6BADA225563F5A00B4DC32 /* PBXTargetDependency */,
			);
			name = AdventureMapTests;
			productName = AdventureMapTests;
			productReference = DC6BADA025563F5A00B4DC32 /* AdventureMapTests.xctest */;
			productType = "com.apple.product-type.bundle.unit-test";
		};
		DC6BADAA25563F5A00B4DC32 /* AdventureMapUITests */ = {
			isa = PBXNativeTarget;
			buildConfigurationList = DC6BADBA25563F5A00B4DC32 /* Build configuration list for PBXNativeTarget "AdventureMapUITests" */;
			buildPhases = (
				DC6BADA725563F5A00B4DC32 /* Sources */,
				DC6BADA825563F5A00B4DC32 /* Frameworks */,
				DC6BADA925563F5A00B4DC32 /* Resources */,
			);
			buildRules = (
			);
			dependencies = (
				DC6BADAD25563F5A00B4DC32 /* PBXTargetDependency */,
			);
			name = AdventureMapUITests;
			productName = AdventureMapUITests;
			productReference = DC6BADAB25563F5A00B4DC32 /* AdventureMapUITests.xctest */;
			productType = "com.apple.product-type.bundle.ui-testing";
		};
/* End PBXNativeTarget section */

/* Begin PBXProject section */
		DC6BAD7F25563F5800B4DC32 /* Project object */ = {
			isa = PBXProject;
			attributes = {
				LastSwiftUpdateCheck = 1210;
				LastUpgradeCheck = 1210;
				TargetAttributes = {
					DC6BAD8625563F5800B4DC32 = {
						CreatedOnToolsVersion = 12.1;
					};
					DC6BAD9F25563F5A00B4DC32 = {
						CreatedOnToolsVersion = 12.1;
						TestTargetID = DC6BAD8625563F5800B4DC32;
					};
					DC6BADAA25563F5A00B4DC32 = {
						CreatedOnToolsVersion = 12.1;
						TestTargetID = DC6BAD8625563F5800B4DC32;
					};
				};
			};
			buildConfigurationList = DC6BAD8225563F5800B4DC32 /* Build configuration list for PBXProject "AdventureMap" */;
			compatibilityVersion = "Xcode 9.3";
			developmentRegion = en;
			hasScannedForEncodings = 0;
			knownRegions = (
				en,
				Base,
			);
			mainGroup = DC6BAD7E25563F5800B4DC32;
			productRefGroup = DC6BAD8825563F5800B4DC32 /* Products */;
			projectDirPath = "";
			projectRoot = "";
			targets = (
				DC6BAD8625563F5800B4DC32 /* AdventureMap */,
				DC6BAD9F25563F5A00B4DC32 /* AdventureMapTests */,
				DC6BADAA25563F5A00B4DC32 /* AdventureMapUITests */,
			);
		};
/* End PBXProject section */

/* Begin PBXResourcesBuildPhase section */
		DC6BAD8525563F5800B4DC32 /* Resources */ = {
			isa = PBXResourcesBuildPhase;
			buildActionMask = 2147483647;
			files = (
				DC6BAD9A25563F5A00B4DC32 /* LaunchScreen.storyboard in Resources */,
				DC6BAD9725563F5A00B4DC32 /* Preview Assets.xcassets in Resources */,
				DC6BAD9425563F5A00B4DC32 /* Assets.xcassets in Resources */,
			);
			runOnlyForDeploymentPostprocessing = 0;
		};
		DC6BAD9E25563F5A00B4DC32 /* Resources */ = {
			isa = PBXResourcesBuildPhase;
			buildActionMask = 2147483647;
			files = (
			);
			runOnlyForDeploymentPostprocessing = 0;
		};
		DC6BADA925563F5A00B4DC32 /* Resources */ = {
			isa = PBXResourcesBuildPhase;
			buildActionMask = 2147483647;
			files = (
			);
			runOnlyForDeploymentPostprocessing = 0;
		};
/* End PBXResourcesBuildPhase section */

/* Begin PBXShellScriptBuildPhase section */
		91D760C7CA39CA421D6E6D1D /* [CP] Copy Pods Resources */ = {
			isa = PBXShellScriptBuildPhase;
			buildActionMask = 2147483647;
			files = (
			);
			inputFileListPaths = (
				"${PODS_ROOT}/Target Support Files/Pods-AdventureMap/Pods-AdventureMap-resources-${CONFIGURATION}-input-files.xcfilelist",
			);
			name = "[CP] Copy Pods Resources";
			outputFileListPaths = (
				"${PODS_ROOT}/Target Support Files/Pods-AdventureMap/Pods-AdventureMap-resources-${CONFIGURATION}-output-files.xcfilelist",
			);
			runOnlyForDeploymentPostprocessing = 0;
			shellPath = /bin/sh;
			shellScript = "\"${PODS_ROOT}/Target Support Files/Pods-AdventureMap/Pods-AdventureMap-resources.sh\"\n";
			showEnvVarsInLog = 0;
		};
		940B2C42E04478DA8CB529CB /* [CP] Check Pods Manifest.lock */ = {
			isa = PBXShellScriptBuildPhase;
			buildActionMask = 2147483647;
			files = (
			);
			inputFileListPaths = (
			);
			inputPaths = (
				"${PODS_PODFILE_DIR_PATH}/Podfile.lock",
				"${PODS_ROOT}/Manifest.lock",
			);
			name = "[CP] Check Pods Manifest.lock";
			outputFileListPaths = (
			);
			outputPaths = (
				"$(DERIVED_FILE_DIR)/Pods-AdventureMap-checkManifestLockResult.txt",
			);
			runOnlyForDeploymentPostprocessing = 0;
			shellPath = /bin/sh;
			shellScript = "diff \"${PODS_PODFILE_DIR_PATH}/Podfile.lock\" \"${PODS_ROOT}/Manifest.lock\" > /dev/null\nif [ $? != 0 ] ; then\n    # print error to STDERR\n    echo \"error: The sandbox is not in sync with the Podfile.lock. Run 'pod install' or update your CocoaPods installation.\" >&2\n    exit 1\nfi\n# This output is used by Xcode 'outputs' to avoid re-running this script phase.\necho \"SUCCESS\" > \"${SCRIPT_OUTPUT_FILE_0}\"\n";
			showEnvVarsInLog = 0;
		};
/* End PBXShellScriptBuildPhase section */

/* Begin PBXSourcesBuildPhase section */
		DC6BAD8325563F5800B4DC32 /* Sources */ = {
			isa = PBXSourcesBuildPhase;
			buildActionMask = 2147483647;
			files = (
				DC6BAD8B25563F5800B4DC32 /* AppDelegate.swift in Sources */,
				DCC90E0B255656F9008CFFF9 /* GoogleMapsView.swift in Sources */,
				DC6BAD9225563F5800B4DC32 /* AdventureMap.xcdatamodeld in Sources */,
				DC6BAD8D25563F5800B4DC32 /* SceneDelegate.swift in Sources */,
				DC6BAD8F25563F5800B4DC32 /* ContentView.swift in Sources */,
			);
			runOnlyForDeploymentPostprocessing = 0;
		};
		DC6BAD9C25563F5A00B4DC32 /* Sources */ = {
			isa = PBXSourcesBuildPhase;
			buildActionMask = 2147483647;
			files = (
				DC6BADA525563F5A00B4DC32 /* AdventureMapTests.swift in Sources */,
			);
			runOnlyForDeploymentPostprocessing = 0;
		};
		DC6BADA725563F5A00B4DC32 /* Sources */ = {
			isa = PBXSourcesBuildPhase;
			buildActionMask = 2147483647;
			files = (
				DC6BADB025563F5A00B4DC32 /* AdventureMapUITests.swift in Sources */,
			);
			runOnlyForDeploymentPostprocessing = 0;
		};
/* End PBXSourcesBuildPhase section */

/* Begin PBXTargetDependency section */
		DC6BADA225563F5A00B4DC32 /* PBXTargetDependency */ = {
			isa = PBXTargetDependency;
			target = DC6BAD8625563F5800B4DC32 /* AdventureMap */;
			targetProxy = DC6BADA125563F5A00B4DC32 /* PBXContainerItemProxy */;
		};
		DC6BADAD25563F5A00B4DC32 /* PBXTargetDependency */ = {
			isa = PBXTargetDependency;
			target = DC6BAD8625563F5800B4DC32 /* AdventureMap */;
			targetProxy = DC6BADAC25563F5A00B4DC32 /* PBXContainerItemProxy */;
		};
/* End PBXTargetDependency section */

/* Begin PBXVariantGroup section */
		DC6BAD9825563F5A00B4DC32 /* LaunchScreen.storyboard */ = {
			isa = PBXVariantGroup;
			children = (
				DC6BAD9925563F5A00B4DC32 /* Base */,
			);
			name = LaunchScreen.storyboard;
			sourceTree = "<group>";
		};
/* End PBXVariantGroup section */

/* Begin XCBuildConfiguration section */
		DC6BADB225563F5A00B4DC32 /* Debug */ = {
			isa = XCBuildConfiguration;
			buildSettings = {
				ALWAYS_SEARCH_USER_PATHS = NO;
				CLANG_ANALYZER_NONNULL = YES;
				CLANG_ANALYZER_NUMBER_OBJECT_CONVERSION = YES_AGGRESSIVE;
				CLANG_CXX_LANGUAGE_STANDARD = "gnu++14";
				CLANG_CXX_LIBRARY = "libc++";
				CLANG_ENABLE_MODULES = YES;
				CLANG_ENABLE_OBJC_ARC = YES;
				CLANG_ENABLE_OBJC_WEAK = YES;
				CLANG_WARN_BLOCK_CAPTURE_AUTORELEASING = YES;
				CLANG_WARN_BOOL_CONVERSION = YES;
				CLANG_WARN_COMMA = YES;
				CLANG_WARN_CONSTANT_CONVERSION = YES;
				CLANG_WARN_DEPRECATED_OBJC_IMPLEMENTATIONS = YES;
				CLANG_WARN_DIRECT_OBJC_ISA_USAGE = YES_ERROR;
				CLANG_WARN_DOCUMENTATION_COMMENTS = YES;
				CLANG_WARN_EMPTY_BODY = YES;
				CLANG_WARN_ENUM_CONVERSION = YES;
				CLANG_WARN_INFINITE_RECURSION = YES;
				CLANG_WARN_INT_CONVERSION = YES;
				CLANG_WARN_NON_LITERAL_NULL_CONVERSION = YES;
				CLANG_WARN_OBJC_IMPLICIT_RETAIN_SELF = YES;
				CLANG_WARN_OBJC_LITERAL_CONVERSION = YES;
				CLANG_WARN_OBJC_ROOT_CLASS = YES_ERROR;
				CLANG_WARN_QUOTED_INCLUDE_IN_FRAMEWORK_HEADER = YES;
				CLANG_WARN_RANGE_LOOP_ANALYSIS = YES;
				CLANG_WARN_STRICT_PROTOTYPES = YES;
				CLANG_WARN_SUSPICIOUS_MOVE = YES;
				CLANG_WARN_UNGUARDED_AVAILABILITY = YES_AGGRESSIVE;
				CLANG_WARN_UNREACHABLE_CODE = YES;
				CLANG_WARN__DUPLICATE_METHOD_MATCH = YES;
				COPY_PHASE_STRIP = NO;
				DEBUG_INFORMATION_FORMAT = dwarf;
				ENABLE_STRICT_OBJC_MSGSEND = YES;
				ENABLE_TESTABILITY = YES;
				GCC_C_LANGUAGE_STANDARD = gnu11;
				GCC_DYNAMIC_NO_PIC = NO;
				GCC_NO_COMMON_BLOCKS = YES;
				GCC_OPTIMIZATION_LEVEL = 0;
				GCC_PREPROCESSOR_DEFINITIONS = (
					"DEBUG=1",
					"$(inherited)",
				);
				GCC_WARN_64_TO_32_BIT_CONVERSION = YES;
				GCC_WARN_ABOUT_RETURN_TYPE = YES_ERROR;
				GCC_WARN_UNDECLARED_SELECTOR = YES;
				GCC_WARN_UNINITIALIZED_AUTOS = YES_AGGRESSIVE;
				GCC_WARN_UNUSED_FUNCTION = YES;
				GCC_WARN_UNUSED_VARIABLE = YES;
				IPHONEOS_DEPLOYMENT_TARGET = 14.1;
				MTL_ENABLE_DEBUG_INFO = INCLUDE_SOURCE;
				MTL_FAST_MATH = YES;
				ONLY_ACTIVE_ARCH = YES;
				"OTHER_LDFLAGS[arch=*]" = "-ObjC";
				SDKROOT = iphoneos;
				SWIFT_ACTIVE_COMPILATION_CONDITIONS = DEBUG;
				SWIFT_OPTIMIZATION_LEVEL = "-Onone";
			};
			name = Debug;
		};
		DC6BADB325563F5A00B4DC32 /* Release */ = {
			isa = XCBuildConfiguration;
			buildSettings = {
				ALWAYS_SEARCH_USER_PATHS = NO;
				CLANG_ANALYZER_NONNULL = YES;
				CLANG_ANALYZER_NUMBER_OBJECT_CONVERSION = YES_AGGRESSIVE;
				CLANG_CXX_LANGUAGE_STANDARD = "gnu++14";
				CLANG_CXX_LIBRARY = "libc++";
				CLANG_ENABLE_MODULES = YES;
				CLANG_ENABLE_OBJC_ARC = YES;
				CLANG_ENABLE_OBJC_WEAK = YES;
				CLANG_WARN_BLOCK_CAPTURE_AUTORELEASING = YES;
				CLANG_WARN_BOOL_CONVERSION = YES;
				CLANG_WARN_COMMA = YES;
				CLANG_WARN_CONSTANT_CONVERSION = YES;
				CLANG_WARN_DEPRECATED_OBJC_IMPLEMENTATIONS = YES;
				CLANG_WARN_DIRECT_OBJC_ISA_USAGE = YES_ERROR;
				CLANG_WARN_DOCUMENTATION_COMMENTS = YES;
				CLANG_WARN_EMPTY_BODY = YES;
				CLANG_WARN_ENUM_CONVERSION = YES;
				CLANG_WARN_INFINITE_RECURSION = YES;
				CLANG_WARN_INT_CONVERSION = YES;
				CLANG_WARN_NON_LITERAL_NULL_CONVERSION = YES;
				CLANG_WARN_OBJC_IMPLICIT_RETAIN_SELF = YES;
				CLANG_WARN_OBJC_LITERAL_CONVERSION = YES;
				CLANG_WARN_OBJC_ROOT_CLASS = YES_ERROR;
				CLANG_WARN_QUOTED_INCLUDE_IN_FRAMEWORK_HEADER = YES;
				CLANG_WARN_RANGE_LOOP_ANALYSIS = YES;
				CLANG_WARN_STRICT_PROTOTYPES = YES;
				CLANG_WARN_SUSPICIOUS_MOVE = YES;
				CLANG_WARN_UNGUARDED_AVAILABILITY = YES_AGGRESSIVE;
				CLANG_WARN_UNREACHABLE_CODE = YES;
				CLANG_WARN__DUPLICATE_METHOD_MATCH = YES;
				COPY_PHASE_STRIP = NO;
				DEBUG_INFORMATION_FORMAT = "dwarf-with-dsym";
				ENABLE_NS_ASSERTIONS = NO;
				ENABLE_STRICT_OBJC_MSGSEND = YES;
				GCC_C_LANGUAGE_STANDARD = gnu11;
				GCC_NO_COMMON_BLOCKS = YES;
				GCC_WARN_64_TO_32_BIT_CONVERSION = YES;
				GCC_WARN_ABOUT_RETURN_TYPE = YES_ERROR;
				GCC_WARN_UNDECLARED_SELECTOR = YES;
				GCC_WARN_UNINITIALIZED_AUTOS = YES_AGGRESSIVE;
				GCC_WARN_UNUSED_FUNCTION = YES;
				GCC_WARN_UNUSED_VARIABLE = YES;
				IPHONEOS_DEPLOYMENT_TARGET = 14.1;
				MTL_ENABLE_DEBUG_INFO = NO;
				MTL_FAST_MATH = YES;
				"OTHER_LDFLAGS[arch=*]" = "-ObjC";
				SDKROOT = iphoneos;
				SWIFT_COMPILATION_MODE = wholemodule;
				SWIFT_OPTIMIZATION_LEVEL = "-O";
				VALIDATE_PRODUCT = YES;
			};
			name = Release;
		};
		DC6BADB525563F5A00B4DC32 /* Debug */ = {
			isa = XCBuildConfiguration;
			baseConfigurationReference = 1863FAEBEAB4C73599F04A29 /* Pods-AdventureMap.debug.xcconfig */;
			buildSettings = {
				ASSETCATALOG_COMPILER_APPICON_NAME = AppIcon;
				ASSETCATALOG_COMPILER_GLOBAL_ACCENT_COLOR_NAME = AccentColor;
				CODE_SIGN_STYLE = Automatic;
				DEVELOPMENT_ASSET_PATHS = "\"AdventureMap/Preview Content\"";
				DEVELOPMENT_TEAM = JYE3Q5H9M8;
				ENABLE_PREVIEWS = YES;
				FRAMEWORK_SEARCH_PATHS = (
					"$(inherited)",
					"$(PROJECT_DIR)",
				);
				INFOPLIST_FILE = AdventureMap/Info.plist;
				LD_RUNPATH_SEARCH_PATHS = (
					"$(inherited)",
					"@executable_path/Frameworks",
				);
				PRODUCT_BUNDLE_IDENTIFIER = Stephen.AdventureMap.AdventureMap;
				PRODUCT_NAME = "$(TARGET_NAME)";
				SWIFT_VERSION = 5.0;
				TARGETED_DEVICE_FAMILY = "1,2";
			};
			name = Debug;
		};
		DC6BADB625563F5A00B4DC32 /* Release */ = {
			isa = XCBuildConfiguration;
			baseConfigurationReference = 867FA6804EF95E63FD224680 /* Pods-AdventureMap.release.xcconfig */;
			buildSettings = {
				ASSETCATALOG_COMPILER_APPICON_NAME = AppIcon;
				ASSETCATALOG_COMPILER_GLOBAL_ACCENT_COLOR_NAME = AccentColor;
				CODE_SIGN_STYLE = Automatic;
				DEVELOPMENT_ASSET_PATHS = "\"AdventureMap/Preview Content\"";
				DEVELOPMENT_TEAM = JYE3Q5H9M8;
				ENABLE_PREVIEWS = YES;
				FRAMEWORK_SEARCH_PATHS = (
					"$(inherited)",
					"$(PROJECT_DIR)",
				);
				INFOPLIST_FILE = AdventureMap/Info.plist;
				LD_RUNPATH_SEARCH_PATHS = (
					"$(inherited)",
					"@executable_path/Frameworks",
				);
				PRODUCT_BUNDLE_IDENTIFIER = Stephen.AdventureMap.AdventureMap;
				PRODUCT_NAME = "$(TARGET_NAME)";
				SWIFT_VERSION = 5.0;
				TARGETED_DEVICE_FAMILY = "1,2";
			};
			name = Release;
		};
		DC6BADB825563F5A00B4DC32 /* Debug */ = {
			isa = XCBuildConfiguration;
			buildSettings = {
				ALWAYS_EMBED_SWIFT_STANDARD_LIBRARIES = YES;
				BUNDLE_LOADER = "$(TEST_HOST)";
				CODE_SIGN_STYLE = Automatic;
				DEVELOPMENT_TEAM = JYE3Q5H9M8;
				INFOPLIST_FILE = AdventureMapTests/Info.plist;
				IPHONEOS_DEPLOYMENT_TARGET = 14.1;
				LD_RUNPATH_SEARCH_PATHS = (
					"$(inherited)",
					"@executable_path/Frameworks",
					"@loader_path/Frameworks",
				);
				PRODUCT_BUNDLE_IDENTIFIER = Stephen.AdventureMap.AdventureMapTests;
				PRODUCT_NAME = "$(TARGET_NAME)";
				SWIFT_VERSION = 5.0;
				TARGETED_DEVICE_FAMILY = "1,2";
				TEST_HOST = "$(BUILT_PRODUCTS_DIR)/AdventureMap.app/AdventureMap";
			};
			name = Debug;
		};
		DC6BADB925563F5A00B4DC32 /* Release */ = {
			isa = XCBuildConfiguration;
			buildSettings = {
				ALWAYS_EMBED_SWIFT_STANDARD_LIBRARIES = YES;
				BUNDLE_LOADER = "$(TEST_HOST)";
				CODE_SIGN_STYLE = Automatic;
				DEVELOPMENT_TEAM = JYE3Q5H9M8;
				INFOPLIST_FILE = AdventureMapTests/Info.plist;
				IPHONEOS_DEPLOYMENT_TARGET = 14.1;
				LD_RUNPATH_SEARCH_PATHS = (
					"$(inherited)",
					"@executable_path/Frameworks",
					"@loader_path/Frameworks",
				);
				PRODUCT_BUNDLE_IDENTIFIER = Stephen.AdventureMap.AdventureMapTests;
				PRODUCT_NAME = "$(TARGET_NAME)";
				SWIFT_VERSION = 5.0;
				TARGETED_DEVICE_FAMILY = "1,2";
				TEST_HOST = "$(BUILT_PRODUCTS_DIR)/AdventureMap.app/AdventureMap";
			};
			name = Release;
		};
		DC6BADBB25563F5A00B4DC32 /* Debug */ = {
			isa = XCBuildConfiguration;
			buildSettings = {
				ALWAYS_EMBED_SWIFT_STANDARD_LIBRARIES = YES;
				CODE_SIGN_STYLE = Automatic;
				DEVELOPMENT_TEAM = JYE3Q5H9M8;
				INFOPLIST_FILE = AdventureMapUITests/Info.plist;
				LD_RUNPATH_SEARCH_PATHS = (
					"$(inherited)",
					"@executable_path/Frameworks",
					"@loader_path/Frameworks",
				);
				PRODUCT_BUNDLE_IDENTIFIER = Stephen.AdventureMap.AdventureMapUITests;
				PRODUCT_NAME = "$(TARGET_NAME)";
				SWIFT_VERSION = 5.0;
				TARGETED_DEVICE_FAMILY = "1,2";
				TEST_TARGET_NAME = AdventureMap;
			};
			name = Debug;
		};
		DC6BADBC25563F5A00B4DC32 /* Release */ = {
			isa = XCBuildConfiguration;
			buildSettings = {
				ALWAYS_EMBED_SWIFT_STANDARD_LIBRARIES = YES;
				CODE_SIGN_STYLE = Automatic;
				DEVELOPMENT_TEAM = JYE3Q5H9M8;
				INFOPLIST_FILE = AdventureMapUITests/Info.plist;
				LD_RUNPATH_SEARCH_PATHS = (
					"$(inherited)",
					"@executable_path/Frameworks",
					"@loader_path/Frameworks",
				);
				PRODUCT_BUNDLE_IDENTIFIER = Stephen.AdventureMap.AdventureMapUITests;
				PRODUCT_NAME = "$(TARGET_NAME)";
				SWIFT_VERSION = 5.0;
				TARGETED_DEVICE_FAMILY = "1,2";
				TEST_TARGET_NAME = AdventureMap;
			};
			name = Release;
		};
/* End XCBuildConfiguration section */

/* Begin XCConfigurationList section */
		DC6BAD8225563F5800B4DC32 /* Build configuration list for PBXProject "AdventureMap" */ = {
			isa = XCConfigurationList;
			buildConfigurations = (
				DC6BADB225563F5A00B4DC32 /* Debug */,
				DC6BADB325563F5A00B4DC32 /* Release */,
			);
			defaultConfigurationIsVisible = 0;
			defaultConfigurationName = Release;
		};
		DC6BADB425563F5A00B4DC32 /* Build configuration list for PBXNativeTarget "AdventureMap" */ = {
			isa = XCConfigurationList;
			buildConfigurations = (
				DC6BADB525563F5A00B4DC32 /* Debug */,
				DC6BADB625563F5A00B4DC32 /* Release */,
			);
			defaultConfigurationIsVisible = 0;
			defaultConfigurationName = Release;
		};
		DC6BADB725563F5A00B4DC32 /* Build configuration list for PBXNativeTarget "AdventureMapTests" */ = {
			isa = XCConfigurationList;
			buildConfigurations = (
				DC6BADB825563F5A00B4DC32 /* Debug */,
				DC6BADB925563F5A00B4DC32 /* Release */,
			);
			defaultConfigurationIsVisible = 0;
			defaultConfigurationName = Release;
		};
		DC6BADBA25563F5A00B4DC32 /* Build configuration list for PBXNativeTarget "AdventureMapUITests" */ = {
			isa = XCConfigurationList;
			buildConfigurations = (
				DC6BADBB25563F5A00B4DC32 /* Debug */,
				DC6BADBC25563F5A00B4DC32 /* Release */,
			);
			defaultConfigurationIsVisible = 0;
			defaultConfigurationName = Release;
		};
/* End XCConfigurationList section */

/* Begin XCVersionGroup section */
		DC6BAD9025563F5800B4DC32 /* AdventureMap.xcdatamodeld */ = {
			isa = XCVersionGroup;
			children = (
				DC6BAD9125563F5800B4DC32 /* AdventureMap.xcdatamodel */,
			);
			currentVersion = DC6BAD9125563F5800B4DC32 /* AdventureMap.xcdatamodel */;
			path = AdventureMap.xcdatamodeld;
			sourceTree = "<group>";
			versionGroupType = wrapper.xcdatamodel;
		};
/* End XCVersionGroup section */
	};
	rootObject = DC6BAD7F25563F5800B4DC32 /* Project object */;
}
